
Microsoft Visual Studio Solution File, Format Version 12.00
# Visual Studio Version 16
VisualStudioVersion = 25.0.1705.5
MinimumVisualStudioVersion = 10.0.40219.1
Project("{FAE04EC0-301F-11D3-BF4B-00C04F79EFBC}") = "QueryMaker", "..\GeneratorSolution\QueryMaker\QueryMaker.csproj", "{B8CF76AA-E230-41BA-B01D-31D88C313ACC}"
EndProject
Global
	GlobalSection(SolutionConfigurationPlatforms) = preSolution
		Debug|Any CPU = Debug|Any CPU
		Release|Any CPU = Release|Any CPU
	EndGlobalSection
	GlobalSection(ProjectConfigurationPlatforms) = postSolution
		{B8CF76AA-E230-41BA-B01D-31D88C313ACC}.Debug|Any CPU.ActiveCfg = Debug|Any CPU
		{B8CF76AA-E230-41BA-B01D-31D88C313ACC}.Debug|Any CPU.Build.0 = Debug|Any CPU
		{B8CF76AA-E230-41BA-B01D-31D88C313ACC}.Release|Any CPU.ActiveCfg = Release|Any CPU
		{B8CF76AA-E230-41BA-B01D-31D88C313ACC}.Release|Any CPU.Build.0 = Release|Any CPU
	EndGlobalSection
	GlobalSection(SolutionProperties) = preSolution
		HideSolutionNode = FALSE
	EndGlobalSection
	GlobalSection(ExtensibilityGlobals) = postSolution
		SolutionGuid = {637EDE31-6A27-4425-A24D-B3EAACDA9550}
	EndGlobalSection
EndGlobal
